// !$*UTF8*$!
{
	archiveVersion = 1;
	classes = {
	};
	objectVersion = 46;
	objects = {

/* Begin PBXBuildFile section */
		D8FC7741199311CD00F57793 /* AppDelegate.swift in Sources */ = {isa = PBXBuildFile; fileRef = D8FC7740199311CD00F57793 /* AppDelegate.swift */; };
		D8FC7743199311CD00F57793 /* ViewController.swift in Sources */ = {isa = PBXBuildFile; fileRef = D8FC7742199311CD00F57793 /* ViewController.swift */; };
		D8FC7746199311CD00F57793 /* Main.storyboard in Resources */ = {isa = PBXBuildFile; fileRef = D8FC7744199311CD00F57793 /* Main.storyboard */; };
		D8FC7748199311CD00F57793 /* Images.xcassets in Resources */ = {isa = PBXBuildFile; fileRef = D8FC7747199311CD00F57793 /* Images.xcassets */; };
		D8FC7754199311CD00F57793 /* Homework1Tests.swift in Sources */ = {isa = PBXBuildFile; fileRef = D8FC7753199311CD00F57793 /* Homework1Tests.swift */; };
/* End PBXBuildFile section */

/* Begin PBXContainerItemProxy section */
		D8FC774E199311CD00F57793 /* PBXContainerItemProxy */ = {
			isa = PBXContainerItemProxy;
			containerPortal = D8FC7733199311CD00F57793 /* Project object */;
			proxyType = 1;
			remoteGlobalIDString = D8FC773A199311CD00F57793;
			remoteInfo = Homework1;
		};
/* End PBXContainerItemProxy section */

/* Begin PBXFileReference section */
		D8FC773B199311CD00F57793 /* Homework1.app */ = {isa = PBXFileReference; explicitFileType = wrapper.application; includeInIndex = 0; path = Homework1.app; sourceTree = BUILT_PRODUCTS_DIR; };
		D8FC773F199311CD00F57793 /* Info.plist */ = {isa = PBXFileReference; lastKnownFileType = text.plist.xml; path = Info.plist; sourceTree = "<group>"; };
		D8FC7740199311CD00F57793 /* AppDelegate.swift */ = {isa = PBXFileReference; lastKnownFileType = sourcecode.swift; path = AppDelegate.swift; sourceTree = "<group>"; };
		D8FC7742199311CD00F57793 /* ViewController.swift */ = {isa = PBXFileReference; lastKnownFileType = sourcecode.swift; path = ViewController.swift; sourceTree = "<group>"; };
		D8FC7745199311CD00F57793 /* Base */ = {isa = PBXFileReference; lastKnownFileType = file.storyboard; name = Base; path = Base.lproj/Main.storyboard; sourceTree = "<group>"; };
		D8FC7747199311CD00F57793 /* Images.xcassets */ = {isa = PBXFileReference; lastKnownFileType = folder.assetcatalog; path = Images.xcassets; sourceTree = "<group>"; };
		D8FC774D199311CD00F57793 /* Homework1Tests.xctest */ = {isa = PBXFileReference; explicitFileType = wrapper.cfbundle; includeInIndex = 0; path = Homework1Tests.xctest; sourceTree = BUILT_PRODUCTS_DIR; };
		D8FC7752199311CD00F57793 /* Info.plist */ = {isa = PBXFileReference; lastKnownFileType = text.plist.xml; path = Info.plist; sourceTree = "<group>"; };
		D8FC7753199311CD00F57793 /* Homework1Tests.swift */ = {isa = PBXFileReference; lastKnownFileType = sourcecode.swift; path = Homework1Tests.swift; sourceTree = "<group>"; };
/* End PBXFileReference section */

/* Begin PBXFrameworksBuildPhase section */
		D8FC7738199311CD00F57793 /* Frameworks */ = {
			isa = PBXFrameworksBuildPhase;
			buildActionMask = 2147483647;
			files = (
			);
			runOnlyForDeploymentPostprocessing = 0;
		};
		D8FC774A199311CD00F57793 /* Frameworks */ = {
			isa = PBXFrameworksBuildPhase;
			buildActionMask = 2147483647;
			files = (
			);
			runOnlyForDeploymentPostprocessing = 0;
		};
/* End PBXFrameworksBuildPhase section */

/* Begin PBXGroup section */
		D8FC7732199311CD00F57793 = {
			isa = PBXGroup;
			children = (
				D8FC773D199311CD00F57793 /* Homework1 */,
				D8FC7750199311CD00F57793 /* Homework1Tests */,
				D8FC773C199311CD00F57793 /* Products */,
			);
			sourceTree = "<group>";
		};
		D8FC773C199311CD00F57793 /* Products */ = {
			isa = PBXGroup;
			children = (
				D8FC773B199311CD00F57793 /* Homework1.app */,
				D8FC774D199311CD00F57793 /* Homework1Tests.xctest */,
			);
			name = Products;
			sourceTree = "<group>";
		};
		D8FC773D199311CD00F57793 /* Homework1 */ = {
			isa = PBXGroup;
			children = (
				D8FC7740199311CD00F57793 /* AppDelegate.swift */,
				D8FC7742199311CD00F57793 /* ViewController.swift */,
				D8FC7744199311CD00F57793 /* Main.storyboard */,
				D8FC7747199311CD00F57793 /* Images.xcassets */,
				D8FC773E199311CD00F57793 /* Supporting Files */,
			);
			path = Homework1;
			sourceTree = "<group>";
		};
		D8FC773E199311CD00F57793 /* Supporting Files */ = {
			isa = PBXGroup;
			children = (
				D8FC773F199311CD00F57793 /* Info.plist */,
			);
			name = "Supporting Files";
			sourceTree = "<group>";
		};
		D8FC7750199311CD00F57793 /* Homework1Tests */ = {
			isa = PBXGroup;
			children = (
				D8FC7753199311CD00F57793 /* Homework1Tests.swift */,
				D8FC7751199311CD00F57793 /* Supporting Files */,
			);
			path = Homework1Tests;
			sourceTree = "<group>";
		};
		D8FC7751199311CD00F57793 /* Supporting Files */ = {
			isa = PBXGroup;
			children = (
				D8FC7752199311CD00F57793 /* Info.plist */,
			);
			name = "Supporting Files";
			sourceTree = "<group>";
		};
/* End PBXGroup section */

/* Begin PBXNativeTarget section */
		D8FC773A199311CD00F57793 /* Homework1 */ = {
			isa = PBXNativeTarget;
			buildConfigurationList = D8FC7757199311CD00F57793 /* Build configuration list for PBXNativeTarget "Homework1" */;
			buildPhases = (
				D8FC7737199311CD00F57793 /* Sources */,
				D8FC7738199311CD00F57793 /* Frameworks */,
				D8FC7739199311CD00F57793 /* Resources */,
			);
			buildRules = (
			);
			dependencies = (
			);
			name = Homework1;
			productName = Homework1;
			productReference = D8FC773B199311CD00F57793 /* Homework1.app */;
			productType = "com.apple.product-type.application";
		};
		D8FC774C199311CD00F57793 /* Homework1Tests */ = {
			isa = PBXNativeTarget;
			buildConfigurationList = D8FC775A199311CD00F57793 /* Build configuration list for PBXNativeTarget "Homework1Tests" */;
			buildPhases = (
				D8FC7749199311CD00F57793 /* Sources */,
				D8FC774A199311CD00F57793 /* Frameworks */,
				D8FC774B199311CD00F57793 /* Resources */,
			);
			buildRules = (
			);
			dependencies = (
				D8FC774F199311CD00F57793 /* PBXTargetDependency */,
			);
			name = Homework1Tests;
			productName = Homework1Tests;
			productReference = D8FC774D199311CD00F57793 /* Homework1Tests.xctest */;
			productType = "com.apple.product-type.bundle.unit-test";
		};
/* End PBXNativeTarget section */

/* Begin PBXProject section */
		D8FC7733199311CD00F57793 /* Project object */ = {
			isa = PBXProject;
			attributes = {
				LastUpgradeCheck = 0600;
				ORGANIZATIONNAME = Nathan;
				TargetAttributes = {
					D8FC773A199311CD00F57793 = {
						CreatedOnToolsVersion = 6.0;
					};
					D8FC774C199311CD00F57793 = {
						CreatedOnToolsVersion = 6.0;
						TestTargetID = D8FC773A199311CD00F57793;
					};
				};
			};
			buildConfigurationList = D8FC7736199311CD00F57793 /* Build configuration list for PBXProject "Homework1" */;
			compatibilityVersion = "Xcode 3.2";
			developmentRegion = English;
			hasScannedForEncodings = 0;
			knownRegions = (
				en,
				Base,
			);
			mainGroup = D8FC7732199311CD00F57793;
			productRefGroup = D8FC773C199311CD00F57793 /* Products */;
			projectDirPath = "";
			projectRoot = "";
			targets = (
				D8FC773A199311CD00F57793 /* Homework1 */,
				D8FC774C199311CD00F57793 /* Homework1Tests */,
			);
		};
/* End PBXProject section */

/* Begin PBXResourcesBuildPhase section */
		D8FC7739199311CD00F57793 /* Resources */ = {
			isa = PBXResourcesBuildPhase;
			buildActionMask = 2147483647;
			files = (
				D8FC7746199311CD00F57793 /* Main.storyboard in Resources */,
				D8FC7748199311CD00F57793 /* Images.xcassets in Resources */,
			);
			runOnlyForDeploymentPostprocessing = 0;
		};
		D8FC774B199311CD00F57793 /* Resources */ = {
			isa = PBXResourcesBuildPhase;
			buildActionMask = 2147483647;
			files = (
			);
			runOnlyForDeploymentPostprocessing = 0;
		};
/* End PBXResourcesBuildPhase section */

/* Begin PBXSourcesBuildPhase section */
		D8FC7737199311CD00F57793 /* Sources */ = {
			isa = PBXSourcesBuildPhase;
			buildActionMask = 2147483647;
			files = (
				D8FC7743199311CD00F57793 /* ViewController.swift in Sources */,
				D8FC7741199311CD00F57793 /* AppDelegate.swift in Sources */,
			);
			runOnlyForDeploymentPostprocessing = 0;
		};
		D8FC7749199311CD00F57793 /* Sources */ = {
			isa = PBXSourcesBuildPhase;
			buildActionMask = 2147483647;
			files = (
				D8FC7754199311CD00F57793 /* Homework1Tests.swift in Sources */,
			);
			runOnlyForDeploymentPostprocessing = 0;
		};
/* End PBXSourcesBuildPhase section */

/* Begin PBXTargetDependency section */
		D8FC774F199311CD00F57793 /* PBXTargetDependency */ = {
			isa = PBXTargetDependency;
			target = D8FC773A199311CD00F57793 /* Homework1 */;
			targetProxy = D8FC774E199311CD00F57793 /* PBXContainerItemProxy */;
		};
/* End PBXTargetDependency section */

/* Begin PBXVariantGroup section */
		D8FC7744199311CD00F57793 /* Main.storyboard */ = {
			isa = PBXVariantGroup;
			children = (
				D8FC7745199311CD00F57793 /* Base */,
			);
			name = Main.storyboard;
			sourceTree = "<group>";
		};
/* End PBXVariantGroup section */

/* Begin XCBuildConfiguration section */
		D8FC7755199311CD00F57793 /* Debug */ = {
			isa = XCBuildConfiguration;
			buildSettings = {
				ALWAYS_SEARCH_USER_PATHS = NO;
				CLANG_CXX_LANGUAGE_STANDARD = "gnu++0x";
				CLANG_CXX_LIBRARY = "libc++";
				CLANG_ENABLE_MODULES = YES;
				CLANG_ENABLE_OBJC_ARC = YES;
				CLANG_WARN_BOOL_CONVERSION = YES;
				CLANG_WARN_CONSTANT_CONVERSION = YES;
				CLANG_WARN_DIRECT_OBJC_ISA_USAGE = YES_ERROR;
				CLANG_WARN_EMPTY_BODY = YES;
				CLANG_WARN_ENUM_CONVERSION = YES;
				CLANG_WARN_INT_CONVERSION = YES;
				CLANG_WARN_OBJC_ROOT_CLASS = YES_ERROR;
				CLANG_WARN_UNREACHABLE_CODE = YES;
				CLANG_WARN__DUPLICATE_METHOD_MATCH = YES;
				"CODE_SIGN_IDENTITY[sdk=iphoneos*]" = "iPhone Developer";
				COPY_PHASE_STRIP = NO;
				ENABLE_STRICT_OBJC_MSGSEND = YES;
				GCC_C_LANGUAGE_STANDARD = gnu99;
				GCC_DYNAMIC_NO_PIC = NO;
				GCC_OPTIMIZATION_LEVEL = 0;
				GCC_PREPROCESSOR_DEFINITIONS = (
					"DEBUG=1",
					"$(inherited)",
				);
				GCC_SYMBOLS_PRIVATE_EXTERN = NO;
				GCC_WARN_64_TO_32_BIT_CONVERSION = YES;
				GCC_WARN_ABOUT_RETURN_TYPE = YES_ERROR;
				GCC_WARN_UNDECLARED_SELECTOR = YES;
				GCC_WARN_UNINITIALIZED_AUTOS = YES_AGGRESSIVE;
				GCC_WARN_UNUSED_FUNCTION = YES;
				GCC_WARN_UNUSED_VARIABLE = YES;
				IPHONEOS_DEPLOYMENT_TARGET = 8.0;
				MTL_ENABLE_DEBUG_INFO = YES;
				ONLY_ACTIVE_ARCH = YES;
				SDKROOT = iphoneos;
				SWIFT_OPTIMIZATION_LEVEL = "-Onone";
			};
			name = Debug;
		};
		D8FC7756199311CD00F57793 /* Release */ = {
			isa = XCBuildConfiguration;
			buildSettings = {
				ALWAYS_SEARCH_USER_PATHS = NO;
				CLANG_CXX_LANGUAGE_STANDARD = "gnu++0x";
				CLANG_CXX_LIBRARY = "libc++";
				CLANG_ENABLE_MODULES = YES;
				CLANG_ENABLE_OBJC_ARC = YES;
				CLANG_WARN_BOOL_CONVERSION = YES;
				CLANG_WARN_CONSTANT_CONVERSION = YES;
				CLANG_WARN_DIRECT_OBJC_ISA_USAGE = YES_ERROR;
				CLANG_WARN_EMPTY_BODY = YES;
				CLANG_WARN_ENUM_CONVERSION = YES;
				CLANG_WARN_INT_CONVERSION = YES;
				CLANG_WARN_OBJC_ROOT_CLASS = YES_ERROR;
				CLANG_WARN_UNREACHABLE_CODE = YES;
				CLANG_WARN__DUPLICATE_METHOD_MATCH = YES;
				"CODE_SIGN_IDENTITY[sdk=iphoneos*]" = "iPhone Developer";
				COPY_PHASE_STRIP = YES;
				ENABLE_NS_ASSERTIONS = NO;
				ENABLE_STRICT_OBJC_MSGSEND = YES;
				GCC_C_LANGUAGE_STANDARD = gnu99;
				GCC_WARN_64_TO_32_BIT_CONVERSION = YES;
				GCC_WARN_ABOUT_RETURN_TYPE = YES_ERROR;
				GCC_WARN_UNDECLARED_SELECTOR = YES;
				GCC_WARN_UNINITIALIZED_AUTOS = YES_AGGRESSIVE;
				GCC_WARN_UNUSED_FUNCTION = YES;
				GCC_WARN_UNUSED_VARIABLE = YES;
				IPHONEOS_DEPLOYMENT_TARGET = 8.0;
				MTL_ENABLE_DEBUG_INFO = NO;
				SDKROOT = iphoneos;
				VALIDATE_PRODUCT = YES;
			};
			name = Release;
		};
		D8FC7758199311CD00F57793 /* Debug */ = {
			isa = XCBuildConfiguration;
			buildSettings = {
				ASSETCATALOG_COMPILER_APPICON_NAME = AppIcon;
				ASSETCATALOG_COMPILER_LAUNCHIMAGE_NAME = LaunchImage;
				INFOPLIST_FILE = Homework1/Info.plist;
				LD_RUNPATH_SEARCH_PATHS = "$(inherited) @executable_path/Frameworks";
				PRODUCT_NAME = "$(TARGET_NAME)";
			};
			name = Debug;
		};
		D8FC7759199311CD00F57793 /* Release */ = {
			isa = XCBuildConfiguration;
			buildSettings = {
				ASSETCATALOG_COMPILER_APPICON_NAME = AppIcon;
				ASSETCATALOG_COMPILER_LAUNCHIMAGE_NAME = LaunchImage;
				INFOPLIST_FILE = Homework1/Info.plist;
				LD_RUNPATH_SEARCH_PATHS = "$(inherited) @executable_path/Frameworks";
				PRODUCT_NAME = "$(TARGET_NAME)";
			};
			name = Release;
		};
		D8FC775B199311CD00F57793 /* Debug */ = {
			isa = XCBuildConfiguration;
			buildSettings = {
				BUNDLE_LOADER = "$(TEST_HOST)";
				FRAMEWORK_SEARCH_PATHS = (
					"$(SDKROOT)/Developer/Library/Frameworks",
					"$(inherited)",
				);
				GCC_PREPROCESSOR_DEFINITIONS = (
					"DEBUG=1",
					"$(inherited)",
				);
				INFOPLIST_FILE = Homework1Tests/Info.plist;
				LD_RUNPATH_SEARCH_PATHS = "$(inherited) @executable_path/Frameworks @loader_path/Frameworks";
				PRODUCT_NAME = "$(TARGET_NAME)";
				TEST_HOST = "$(BUILT_PRODUCTS_DIR)/Homework1.app/Homework1";
			};
			name = Debug;
		};
		D8FC775C199311CD00F57793 /* Release */ = {
			isa = XCBuildConfiguration;
			buildSettings = {
				BUNDLE_LOADER = "$(TEST_HOST)";
				FRAMEWORK_SEARCH_PATHS = (
					"$(SDKROOT)/Developer/Library/Frameworks",
					"$(inherited)",
				);
				INFOPLIST_FILE = Homework1Tests/Info.plist;
				LD_RUNPATH_SEARCH_PATHS = "$(inherited) @executable_path/Frameworks @loader_path/Frameworks";
				PRODUCT_NAME = "$(TARGET_NAME)";
				TEST_HOST = "$(BUILT_PRODUCTS_DIR)/Homework1.app/Homework1";
			};
			name = Release;
		};
/* End XCBuildConfiguration section */

/* Begin XCConfigurationList section */
		D8FC7736199311CD00F57793 /* Build configuration list for PBXProject "Homework1" */ = {
			isa = XCConfigurationList;
			buildConfigurations = (
				D8FC7755199311CD00F57793 /* Debug */,
				D8FC7756199311CD00F57793 /* Release */,
			);
			defaultConfigurationIsVisible = 0;
			defaultConfigurationName = Release;
		};
		D8FC7757199311CD00F57793 /* Build configuration list for PBXNativeTarget "Homework1" */ = {
			isa = XCConfigurationList;
			buildConfigurations = (
				D8FC7758199311CD00F57793 /* Debug */,
				D8FC7759199311CD00F57793 /* Release */,
			);
			defaultConfigurationIsVisible = 0;
		};
		D8FC775A199311CD00F57793 /* Build configuration list for PBXNativeTarget "Homework1Tests" */ = {
			isa = XCConfigurationList;
			buildConfigurations = (
				D8FC775B199311CD00F57793 /* Debug */,
				D8FC775C199311CD00F57793 /* Release */,
			);
			defaultConfigurationIsVisible = 0;
		};
/* End XCConfigurationList section */
	};
	rootObject = D8FC7733199311CD00F57793 /* Project object */;
}
